
Microsoft Visual Studio Solution File, Format Version 12.00
# Visual Studio Version 17
VisualStudioVersion = 17.8.34330.188
MinimumVisualStudioVersion = 10.0.40219.1
Project("{FAE04EC0-301F-11D3-BF4B-00C04F79EFBC}") = "Laboratorio", "Laboratorio\Laboratorio.csproj", "{FDD6244A-3F37-4436-B934-809D4F60E283}"
EndProject
Global
	GlobalSection(SolutionConfigurationPlatforms) = preSolution
		Debug|Any CPU = Debug|Any CPU
		Release|Any CPU = Release|Any CPU
	EndGlobalSection
	GlobalSection(ProjectConfigurationPlatforms) = postSolution
		{FDD6244A-3F37-4436-B934-809D4F60E283}.Debug|Any CPU.ActiveCfg = Debug|Any CPU
		{FDD6244A-3F37-4436-B934-809D4F60E283}.Debug|Any CPU.Build.0 = Debug|Any CPU
		{FDD6244A-3F37-4436-B934-809D4F60E283}.Release|Any CPU.ActiveCfg = Release|Any CPU
		{FDD6244A-3F37-4436-B934-809D4F60E283}.Release|Any CPU.Build.0 = Release|Any CPU
	EndGlobalSection
	GlobalSection(SolutionProperties) = preSolution
		HideSolutionNode = FALSE
	EndGlobalSection
	GlobalSection(ExtensibilityGlobals) = postSolution
		SolutionGuid = {3AF47543-991D-4A70-87A2-59D5336C4ED9}
	EndGlobalSection
EndGlobal
